
Microsoft Visual Studio Solution File, Format Version 12.00
# Visual Studio Version 17
VisualStudioVersion = 17.1.32210.238
MinimumVisualStudioVersion = 10.0.40219.1
Project("{FAE04EC0-301F-11D3-BF4B-00C04F79EFBC}") = "CustomTcpServer_Examples", "CustomTcpServer_Examples\CustomTcpServer_Examples.csproj", "{5F2931F1-C6C5-4F9A-8B98-9F332873EF7A}"
EndProject
Project("{FAE04EC0-301F-11D3-BF4B-00C04F79EFBC}") = "CTCP_ServerClient", "CTCP\CTCP_ServerClient.csproj", "{0B3B45D1-DC32-492C-8DAC-ABC3099DDCC5}"
EndProject
Global
	GlobalSection(SolutionConfigurationPlatforms) = preSolution
		Debug|Any CPU = Debug|Any CPU
		Release|Any CPU = Release|Any CPU
	EndGlobalSection
	GlobalSection(ProjectConfigurationPlatforms) = postSolution
		{5F2931F1-C6C5-4F9A-8B98-9F332873EF7A}.Debug|Any CPU.ActiveCfg = Debug|Any CPU
		{5F2931F1-C6C5-4F9A-8B98-9F332873EF7A}.Debug|Any CPU.Build.0 = Debug|Any CPU
		{5F2931F1-C6C5-4F9A-8B98-9F332873EF7A}.Release|Any CPU.ActiveCfg = Release|Any CPU
		{5F2931F1-C6C5-4F9A-8B98-9F332873EF7A}.Release|Any CPU.Build.0 = Release|Any CPU
		{0B3B45D1-DC32-492C-8DAC-ABC3099DDCC5}.Debug|Any CPU.ActiveCfg = Debug|Any CPU
		{0B3B45D1-DC32-492C-8DAC-ABC3099DDCC5}.Debug|Any CPU.Build.0 = Debug|Any CPU
		{0B3B45D1-DC32-492C-8DAC-ABC3099DDCC5}.Release|Any CPU.ActiveCfg = Release|Any CPU
		{0B3B45D1-DC32-492C-8DAC-ABC3099DDCC5}.Release|Any CPU.Build.0 = Release|Any CPU
	EndGlobalSection
	GlobalSection(SolutionProperties) = preSolution
		HideSolutionNode = FALSE
	EndGlobalSection
	GlobalSection(ExtensibilityGlobals) = postSolution
		SolutionGuid = {E033DBB6-6D82-4DAC-819A-F5615E45F605}
	EndGlobalSection
EndGlobal
